
Microsoft Visual Studio Solution File, Format Version 12.00
# Visual Studio Version 16
VisualStudioVersion = 16.0.30711.63
MinimumVisualStudioVersion = 10.0.40219.1
Project("{FAE04EC0-301F-11D3-BF4B-00C04F79EFBC}") = "MouseEventOffsetDemo", "MouseEventOffsetDemo\MouseEventOffsetDemo.csproj", "{F1734C7F-A69C-475C-87B1-1BCFC67FF246}"
EndProject
Global
	GlobalSection(SolutionConfigurationPlatforms) = preSolution
		Debug|Any CPU = Debug|Any CPU
		Release|Any CPU = Release|Any CPU
	EndGlobalSection
	GlobalSection(ProjectConfigurationPlatforms) = postSolution
		{F1734C7F-A69C-475C-87B1-1BCFC67FF246}.Debug|Any CPU.ActiveCfg = Debug|Any CPU
		{F1734C7F-A69C-475C-87B1-1BCFC67FF246}.Debug|Any CPU.Build.0 = Debug|Any CPU
		{F1734C7F-A69C-475C-87B1-1BCFC67FF246}.Release|Any CPU.ActiveCfg = Release|Any CPU
		{F1734C7F-A69C-475C-87B1-1BCFC67FF246}.Release|Any CPU.Build.0 = Release|Any CPU
	EndGlobalSection
	GlobalSection(SolutionProperties) = preSolution
		HideSolutionNode = FALSE
	EndGlobalSection
	GlobalSection(ExtensibilityGlobals) = postSolution
		SolutionGuid = {2692A8F3-3252-455A-A057-606CC6DC8CDB}
	EndGlobalSection
EndGlobal
